
Microsoft Visual Studio Solution File, Format Version 12.00
Project("{FAE04EC0-301F-11D3-BF4B-00C04F79EFBC}") = "Scenius.Blogpost.LoadTesting", "Scenius.Blogpost.LoadTesting\Scenius.Blogpost.LoadTesting.csproj", "{93A9D5DE-566E-40A4-B1DC-36A8144866BB}"
EndProject
Global
	GlobalSection(SolutionConfigurationPlatforms) = preSolution
		Debug|Any CPU = Debug|Any CPU
		Release|Any CPU = Release|Any CPU
	EndGlobalSection
	GlobalSection(ProjectConfigurationPlatforms) = postSolution
		{93A9D5DE-566E-40A4-B1DC-36A8144866BB}.Debug|Any CPU.ActiveCfg = Debug|Any CPU
		{93A9D5DE-566E-40A4-B1DC-36A8144866BB}.Debug|Any CPU.Build.0 = Debug|Any CPU
		{93A9D5DE-566E-40A4-B1DC-36A8144866BB}.Release|Any CPU.ActiveCfg = Release|Any CPU
		{93A9D5DE-566E-40A4-B1DC-36A8144866BB}.Release|Any CPU.Build.0 = Release|Any CPU
	EndGlobalSection
EndGlobal
